{
    "_meta": {
        "hash": {
            "sha256": "1035b11fc27efdee694ab8da048ed06749dd62f072cdcdc2959a9bd3442469a1"
        },
        "pipfile-spec": 6,
        "requires": {
            "python_version": "3.10"
        },
        "sources": [
            {
                "name": "pypi",
                "url": "https://pypi.org/simple",
                "verify_ssl": true
            }
        ]
    },
    "default": {
        "asgiref": {
            "hashes": [
                "sha256:2f8abc20f7248433085eda803936d98992f1343ddb022065779f37c5da0181d0",
                "sha256:88d59c13d634dcffe0510be048210188edd79aeccb6a6c9028cdad6f31d730a9"
            ],
            "markers": "python_version >= '3.7'",
            "version": "==3.5.0"
        },
        "beautifulsoup4": {
            "hashes": [
                "sha256:9a315ce70049920ea4572a4055bc4bd700c940521d36fc858205ad4fcde149bf",
                "sha256:c23ad23c521d818955a4151a67d81580319d4bf548d3d49f4223ae041ff98891"
            ],
            "markers": "python_version >= '3.1'",
            "version": "==4.10.0"
        },
        "django": {
            "hashes": [
                "sha256:1239218849e922033a35d2a2f777cb8bee18bd725416744074f455f34ff50d0c",
                "sha256:77ff2e7050e3324c9b67e29b6707754566f58514112a9ac73310f60cd5261930"
            ],
            "index": "pypi",
            "version": "==4.0.3"
        },
        "django-livereload-server": {
            "hashes": [
                "sha256:136c231e7ad3ba7a4db65426632dfa9b964ac04e8fa5f3808166447f016a4a91",
                "sha256:60ed030085ca53671d25704b10ec7aa3cc94a16da437b727a8dcce42471b4c65"
            ],
            "index": "pypi",
            "version": "==0.4"
        },
        "mysql-connector-python": {
            "hashes": [
                "sha256:04d75ec7c181e7907df3d40c2a573063f25ecfc5a95a7a90374861c02ce738a9",
                "sha256:47f059bc2a7378acd56ac7a60b0526a2ba95d96b696a875b5b233a0feae30980",
                "sha256:4d126ce5e03675d926a9e49ce1638d06af43ca7bac2b502d93373dc9425d386f",
                "sha256:50c87ff50762f4a0cc0816365dde0e7de763949e125488b8e872de6471e0e427",
                "sha256:687071dc9e51892d0861bbcbcbd48e0f3579e3155f2a0ec310198704137c775a",
                "sha256:73c5149b33401610e28589d1fc669cba11d3b16215a8f6a75f63ece1f3af5f88",
                "sha256:77ec293e265d01db1896a8e63a16b3d5c848a885cf76c77148adfed8453846e8",
                "sha256:78bb1abb57bbb85263d65a240a901195e3de0e0992f25e42c48af0869079bb74",
                "sha256:7d518491d6d51b186b3182b3698b1560d9bd80675c055163359d0aeea0001de1",
                "sha256:8d8dd02e0e6bb7262156a836c3e83582d1a1a1ebb9d72e777a46813709404601",
                "sha256:91be638d1b084835edf7aa426d85228174611a1cd6f016ca0f6d4339ac3d9d7b",
                "sha256:aaec9d13fc0177e421a3c4392f0eaf86347b825949d5dfc202d535cdb1e07f04",
                "sha256:b3a747c5efd6de7b76686ab93834186e2276a62684600dbede615537040436ca",
                "sha256:b4c5ce835078555b6640921cae036daad46884dd21027f43c742fb505221e4e6",
                "sha256:bb317b179bfbb3e86c771bb2b34794188a2d2b010cdaa1b4d1b5ea0961d0812c",
                "sha256:bd89598b173aa0fc525b59fff6e3598ff3cabad4260a3bb49cf420eac10d3b3b",
                "sha256:bdb4f187f737316d1c403085b2fb7c91717268d052ecbfc86066cef59f6d72a4",
                "sha256:c76d771fdce1314b07619efff184ec03f56abef6b4ccdc686d3a995f5b225fec",
                "sha256:d559f69e8b58ac248e37d30e5676718adf69eeff56ed8a7c03f064d74af68f99",
                "sha256:e008127430c8dc66bb1b6d6c7a17498ec57ffa81188fc1f8c9f764363c01d12e",
                "sha256:f5da43c77d409c8135132f5b5aee9ac91c2e97c3f87352e1b3017438a9cb9b82"
            ],
            "index": "pypi",
            "version": "==8.0.28"
        },
        "protobuf": {
            "hashes": [
                "sha256:072fbc78d705d3edc7ccac58a62c4c8e0cec856987da7df8aca86e647be4e35c",
                "sha256:09297b7972da685ce269ec52af761743714996b4381c085205914c41fcab59fb",
                "sha256:16f519de1313f1b7139ad70772e7db515b1420d208cb16c6d7858ea989fc64a9",
                "sha256:1c91ef4110fdd2c590effb5dca8fdbdcb3bf563eece99287019c4204f53d81a4",
                "sha256:3112b58aac3bac9c8be2b60a9daf6b558ca3f7681c130dcdd788ade7c9ffbdca",
                "sha256:36cecbabbda242915529b8ff364f2263cd4de7c46bbe361418b5ed859677ba58",
                "sha256:4276cdec4447bd5015453e41bdc0c0c1234eda08420b7c9a18b8d647add51e4b",
                "sha256:435bb78b37fc386f9275a7035fe4fb1364484e38980d0dd91bc834a02c5ec909",
                "sha256:48ed3877fa43e22bcacc852ca76d4775741f9709dd9575881a373bd3e85e54b2",
                "sha256:54a1473077f3b616779ce31f477351a45b4fef8c9fd7892d6d87e287a38df368",
                "sha256:69da7d39e39942bd52848438462674c463e23963a1fdaa84d88df7fbd7e749b2",
                "sha256:6cbc312be5e71869d9d5ea25147cdf652a6781cf4d906497ca7690b7b9b5df13",
                "sha256:7bb03bc2873a2842e5ebb4801f5c7ff1bfbdf426f85d0172f7644fcda0671ae0",
                "sha256:7ca7da9c339ca8890d66958f5462beabd611eca6c958691a8fe6eccbd1eb0c6e",
                "sha256:835a9c949dc193953c319603b2961c5c8f4327957fe23d914ca80d982665e8ee",
                "sha256:84123274d982b9e248a143dadd1b9815049f4477dc783bf84efe6250eb4b836a",
                "sha256:8961c3a78ebfcd000920c9060a262f082f29838682b1f7201889300c1fbe0616",
                "sha256:96bd766831596d6014ca88d86dc8fe0fb2e428c0b02432fd9db3943202bf8c5e",
                "sha256:9df0c10adf3e83015ced42a9a7bd64e13d06c4cf45c340d2c63020ea04499d0a",
                "sha256:b38057450a0c566cbd04890a40edf916db890f2818e8682221611d78dc32ae26",
                "sha256:bd95d1dfb9c4f4563e6093a9aa19d9c186bf98fa54da5252531cc0d3a07977e7",
                "sha256:c1068287025f8ea025103e37d62ffd63fec8e9e636246b89c341aeda8a67c934",
                "sha256:c438268eebb8cf039552897d78f402d734a404f1360592fef55297285f7f953f",
                "sha256:cdc076c03381f5c1d9bb1abdcc5503d9ca8b53cf0a9d31a9f6754ec9e6c8af0f",
                "sha256:f358aa33e03b7a84e0d91270a4d4d8f5df6921abe99a377828839e8ed0c04e07",
                "sha256:f51d5a9f137f7a2cec2d326a74b6e3fc79d635d69ffe1b036d39fc7d75430d37"
            ],
            "markers": "python_version >= '3.5'",
            "version": "==3.19.4"
        },
        "six": {
            "hashes": [
                "sha256:1e61c37477a1626458e36f7b1d82aa5c9b094fa4802892072e49de9c60c4c926",
                "sha256:8abb2f1d86890a2dfb989f9a77cfcfd3e47c2a354b01111771326f8aa26e0254"
            ],
            "markers": "python_version >= '2.7' and python_version not in '3.0, 3.1, 3.2, 3.3'",
            "version": "==1.16.0"
        },
        "soupsieve": {
            "hashes": [
                "sha256:1a3cca2617c6b38c0343ed661b1fa5de5637f257d4fe22bd9f1338010a1efefb",
                "sha256:b8d49b1cd4f037c7082a9683dfa1801aa2597fb11c3a1155b7a5b94829b4f1f9"
            ],
            "markers": "python_version >= '3.6'",
            "version": "==2.3.1"
        },
        "sqlparse": {
            "hashes": [
                "sha256:0c00730c74263a94e5a9919ade150dfc3b19c574389985446148402998287dae",
                "sha256:48719e356bb8b42991bdbb1e8b83223757b93789c00910a616a071910ca4a64d"
            ],
            "markers": "python_version >= '3.5'",
            "version": "==0.4.2"
        },
        "tornado": {
            "hashes": [
                "sha256:0a00ff4561e2929a2c37ce706cb8233b7907e0cdc22eab98888aca5dd3775feb",
                "sha256:0d321a39c36e5f2c4ff12b4ed58d41390460f798422c4504e09eb5678e09998c",
                "sha256:1e8225a1070cd8eec59a996c43229fe8f95689cb16e552d130b9793cb570a288",
                "sha256:20241b3cb4f425e971cb0a8e4ffc9b0a861530ae3c52f2b0434e6c1b57e9fd95",
                "sha256:25ad220258349a12ae87ede08a7b04aca51237721f63b1808d39bdb4b2164558",
                "sha256:33892118b165401f291070100d6d09359ca74addda679b60390b09f8ef325ffe",
                "sha256:33c6e81d7bd55b468d2e793517c909b139960b6c790a60b7991b9b6b76fb9791",
                "sha256:3447475585bae2e77ecb832fc0300c3695516a47d46cefa0528181a34c5b9d3d",
                "sha256:34ca2dac9e4d7afb0bed4677512e36a52f09caa6fded70b4e3e1c89dbd92c326",
                "sha256:3e63498f680547ed24d2c71e6497f24bca791aca2fe116dbc2bd0ac7f191691b",
                "sha256:548430be2740e327b3fe0201abe471f314741efcb0067ec4f2d7dcfb4825f3e4",
                "sha256:6196a5c39286cc37c024cd78834fb9345e464525d8991c21e908cc046d1cc02c",
                "sha256:61b32d06ae8a036a6607805e6720ef00a3c98207038444ba7fd3d169cd998910",
                "sha256:6286efab1ed6e74b7028327365cf7346b1d777d63ab30e21a0f4d5b275fc17d5",
                "sha256:65d98939f1a2e74b58839f8c4dab3b6b3c1ce84972ae712be02845e65391ac7c",
                "sha256:66324e4e1beede9ac79e60f88de548da58b1f8ab4b2f1354d8375774f997e6c0",
                "sha256:6c77c9937962577a6a76917845d06af6ab9197702a42e1346d8ae2e76b5e3675",
                "sha256:70dec29e8ac485dbf57481baee40781c63e381bebea080991893cd297742b8fd",
                "sha256:7250a3fa399f08ec9cb3f7b1b987955d17e044f1ade821b32e5f435130250d7f",
                "sha256:748290bf9112b581c525e6e6d3820621ff020ed95af6f17fedef416b27ed564c",
                "sha256:7da13da6f985aab7f6f28debab00c67ff9cbacd588e8477034c0652ac141feea",
                "sha256:8f959b26f2634a091bb42241c3ed8d3cedb506e7c27b8dd5c7b9f745318ddbb6",
                "sha256:9de9e5188a782be6b1ce866e8a51bc76a0fbaa0e16613823fc38e4fc2556ad05",
                "sha256:a48900ecea1cbb71b8c71c620dee15b62f85f7c14189bdeee54966fbd9a0c5bd",
                "sha256:b87936fd2c317b6ee08a5741ea06b9d11a6074ef4cc42e031bc6403f82a32575",
                "sha256:c77da1263aa361938476f04c4b6c8916001b90b2c2fdd92d8d535e1af48fba5a",
                "sha256:cb5ec8eead331e3bb4ce8066cf06d2dfef1bfb1b2a73082dfe8a161301b76e37",
                "sha256:cc0ee35043162abbf717b7df924597ade8e5395e7b66d18270116f8745ceb795",
                "sha256:d14d30e7f46a0476efb0deb5b61343b1526f73ebb5ed84f23dc794bdb88f9d9f",
                "sha256:d371e811d6b156d82aa5f9a4e08b58debf97c302a35714f6f45e35139c332e32",
                "sha256:d3d20ea5782ba63ed13bc2b8c291a053c8d807a8fa927d941bd718468f7b950c",
                "sha256:d3f7594930c423fd9f5d1a76bee85a2c36fd8b4b16921cae7e965f22575e9c01",
                "sha256:dcef026f608f678c118779cd6591c8af6e9b4155c44e0d1bc0c87c036fb8c8c4",
                "sha256:e0791ac58d91ac58f694d8d2957884df8e4e2f6687cdf367ef7eb7497f79eaa2",
                "sha256:e385b637ac3acaae8022e7e47dfa7b83d3620e432e3ecb9a3f7f58f150e50921",
                "sha256:e519d64089b0876c7b467274468709dadf11e41d65f63bba207e04217f47c085",
                "sha256:e7229e60ac41a1202444497ddde70a48d33909e484f96eb0da9baf8dc68541df",
                "sha256:ed3ad863b1b40cd1d4bd21e7498329ccaece75db5a5bf58cd3c9f130843e7102",
                "sha256:f0ba29bafd8e7e22920567ce0d232c26d4d47c8b5cf4ed7b562b5db39fa199c5",
                "sha256:fa2ba70284fa42c2a5ecb35e322e68823288a4251f9ba9cc77be04ae15eada68",
                "sha256:fba85b6cd9c39be262fcd23865652920832b61583de2a2ca907dbd8e8a8c81e5"
            ],
            "markers": "python_version >= '3.5'",
            "version": "==6.1"
        },
        "tzdata": {
            "hashes": [
                "sha256:3eee491e22ebfe1e5cfcc97a4137cd70f092ce59144d81f8924a844de05ba8f5",
                "sha256:68dbe41afd01b867894bbdfd54fa03f468cfa4f0086bfb4adcd8de8f24f3ee21"
            ],
            "markers": "sys_platform == 'win32'",
            "version": "==2021.5"
        }
    },
    "develop": {}
}
